// !$*UTF8*$!
{
	archiveVersion = 1;
	classes = {
	};
	objectVersion = 46;
	objects = {

/* Begin PBXBuildFile section */
		133508481743D785009B682E /* Cocoa.framework in Frameworks */ = {isa = PBXBuildFile; fileRef = 133508471743D785009B682E /* Cocoa.framework */; };
		133508521743D785009B682E /* InfoPlist.strings in Resources */ = {isa = PBXBuildFile; fileRef = 133508501743D785009B682E /* InfoPlist.strings */; };
		133508541743D785009B682E /* main.m in Sources */ = {isa = PBXBuildFile; fileRef = 133508531743D785009B682E /* main.m */; };
		133508581743D785009B682E /* Credits.rtf in Resources */ = {isa = PBXBuildFile; fileRef = 133508561743D785009B682E /* Credits.rtf */; };
		1335085B1743D785009B682E /* AppDelegate.m in Sources */ = {isa = PBXBuildFile; fileRef = 1335085A1743D785009B682E /* AppDelegate.m */; };
		1335085E1743D785009B682E /* MainMenu.xib in Resources */ = {isa = PBXBuildFile; fileRef = 1335085C1743D785009B682E /* MainMenu.xib */; };
		133508661743D785009B682E /* SenTestingKit.framework in Frameworks */ = {isa = PBXBuildFile; fileRef = 133508651743D785009B682E /* SenTestingKit.framework */; };
		133508671743D785009B682E /* Cocoa.framework in Frameworks */ = {isa = PBXBuildFile; fileRef = 133508471743D785009B682E /* Cocoa.framework */; };
		1335086F1743D785009B682E /* InfoPlist.strings in Resources */ = {isa = PBXBuildFile; fileRef = 1335086D1743D785009B682E /* InfoPlist.strings */; };
		133508721743D785009B682E /* OCWebSocketServerTests.m in Sources */ = {isa = PBXBuildFile; fileRef = 133508711743D785009B682E /* OCWebSocketServerTests.m */; };
		133508811743D79A009B682E /* GCDAsyncSocket.m in Sources */ = {isa = PBXBuildFile; fileRef = 1335087D1743D79A009B682E /* GCDAsyncSocket.m */; };
		133508821743D79A009B682E /* GCDAsyncSocket.m in Sources */ = {isa = PBXBuildFile; fileRef = 1335087D1743D79A009B682E /* GCDAsyncSocket.m */; };
		133508831743D79A009B682E /* MBWebSocketServer.m in Sources */ = {isa = PBXBuildFile; fileRef = 1335087F1743D79A009B682E /* MBWebSocketServer.m */; };
		133508841743D79A009B682E /* MBWebSocketServer.m in Sources */ = {isa = PBXBuildFile; fileRef = 1335087F1743D79A009B682E /* MBWebSocketServer.m */; };
		133508851743D79A009B682E /* README.md in Resources */ = {isa = PBXBuildFile; fileRef = 133508801743D79A009B682E /* README.md */; };
		133508861743D79A009B682E /* README.md in Resources */ = {isa = PBXBuildFile; fileRef = 133508801743D79A009B682E /* README.md */; };
		133508891743D7DC009B682E /* Security.framework in Frameworks */ = {isa = PBXBuildFile; fileRef = 133508871743D7CF009B682E /* Security.framework */; };
/* End PBXBuildFile section */

/* Begin PBXContainerItemProxy section */
		133508681743D785009B682E /* PBXContainerItemProxy */ = {
			isa = PBXContainerItemProxy;
			containerPortal = 1335083C1743D784009B682E /* Project object */;
			proxyType = 1;
			remoteGlobalIDString = 133508431743D784009B682E;
			remoteInfo = OCWebSocketServer;
		};
/* End PBXContainerItemProxy section */

/* Begin PBXFileReference section */
		133508441743D785009B682E /* OCWebSocketServer.app */ = {isa = PBXFileReference; explicitFileType = wrapper.application; includeInIndex = 0; path = OCWebSocketServer.app; sourceTree = BUILT_PRODUCTS_DIR; };
		133508471743D785009B682E /* Cocoa.framework */ = {isa = PBXFileReference; lastKnownFileType = wrapper.framework; name = Cocoa.framework; path = System/Library/Frameworks/Cocoa.framework; sourceTree = SDKROOT; };
		1335084A1743D785009B682E /* AppKit.framework */ = {isa = PBXFileReference; lastKnownFileType = wrapper.framework; name = AppKit.framework; path = System/Library/Frameworks/AppKit.framework; sourceTree = SDKROOT; };
		1335084B1743D785009B682E /* CoreData.framework */ = {isa = PBXFileReference; lastKnownFileType = wrapper.framework; name = CoreData.framework; path = System/Library/Frameworks/CoreData.framework; sourceTree = SDKROOT; };
		1335084C1743D785009B682E /* Foundation.framework */ = {isa = PBXFileReference; lastKnownFileType = wrapper.framework; name = Foundation.framework; path = System/Library/Frameworks/Foundation.framework; sourceTree = SDKROOT; };
		1335084F1743D785009B682E /* OCWebSocketServer-Info.plist */ = {isa = PBXFileReference; lastKnownFileType = text.plist.xml; path = "OCWebSocketServer-Info.plist"; sourceTree = "<group>"; };
		133508511743D785009B682E /* en */ = {isa = PBXFileReference; lastKnownFileType = text.plist.strings; name = en; path = en.lproj/InfoPlist.strings; sourceTree = "<group>"; };
		133508531743D785009B682E /* main.m */ = {isa = PBXFileReference; lastKnownFileType = sourcecode.c.objc; path = main.m; sourceTree = "<group>"; };
		133508551743D785009B682E /* OCWebSocketServer-Prefix.pch */ = {isa = PBXFileReference; lastKnownFileType = sourcecode.c.h; path = "OCWebSocketServer-Prefix.pch"; sourceTree = "<group>"; };
		133508571743D785009B682E /* en */ = {isa = PBXFileReference; lastKnownFileType = text.rtf; name = en; path = en.lproj/Credits.rtf; sourceTree = "<group>"; };
		133508591743D785009B682E /* AppDelegate.h */ = {isa = PBXFileReference; lastKnownFileType = sourcecode.c.h; path = AppDelegate.h; sourceTree = "<group>"; };
		1335085A1743D785009B682E /* AppDelegate.m */ = {isa = PBXFileReference; lastKnownFileType = sourcecode.c.objc; path = AppDelegate.m; sourceTree = "<group>"; };
		1335085D1743D785009B682E /* en */ = {isa = PBXFileReference; lastKnownFileType = file.xib; name = en; path = en.lproj/MainMenu.xib; sourceTree = "<group>"; };
		133508641743D785009B682E /* OCWebSocketServerTests.octest */ = {isa = PBXFileReference; explicitFileType = wrapper.cfbundle; includeInIndex = 0; path = OCWebSocketServerTests.octest; sourceTree = BUILT_PRODUCTS_DIR; };
		133508651743D785009B682E /* SenTestingKit.framework */ = {isa = PBXFileReference; lastKnownFileType = wrapper.framework; name = SenTestingKit.framework; path = Library/Frameworks/SenTestingKit.framework; sourceTree = DEVELOPER_DIR; };
		1335086C1743D785009B682E /* OCWebSocketServerTests-Info.plist */ = {isa = PBXFileReference; lastKnownFileType = text.plist.xml; path = "OCWebSocketServerTests-Info.plist"; sourceTree = "<group>"; };
		1335086E1743D785009B682E /* en */ = {isa = PBXFileReference; lastKnownFileType = text.plist.strings; name = en; path = en.lproj/InfoPlist.strings; sourceTree = "<group>"; };
		133508701743D785009B682E /* OCWebSocketServerTests.h */ = {isa = PBXFileReference; lastKnownFileType = sourcecode.c.h; path = OCWebSocketServerTests.h; sourceTree = "<group>"; };
		133508711743D785009B682E /* OCWebSocketServerTests.m */ = {isa = PBXFileReference; lastKnownFileType = sourcecode.c.objc; path = OCWebSocketServerTests.m; sourceTree = "<group>"; };
		1335087C1743D79A009B682E /* GCDAsyncSocket.h */ = {isa = PBXFileReference; fileEncoding = 4; lastKnownFileType = sourcecode.c.h; path = GCDAsyncSocket.h; sourceTree = "<group>"; };
		1335087D1743D79A009B682E /* GCDAsyncSocket.m */ = {isa = PBXFileReference; fileEncoding = 4; lastKnownFileType = sourcecode.c.objc; path = GCDAsyncSocket.m; sourceTree = "<group>"; };
		1335087E1743D79A009B682E /* MBWebSocketServer.h */ = {isa = PBXFileReference; fileEncoding = 4; lastKnownFileType = sourcecode.c.h; path = MBWebSocketServer.h; sourceTree = "<group>"; };
		1335087F1743D79A009B682E /* MBWebSocketServer.m */ = {isa = PBXFileReference; fileEncoding = 4; lastKnownFileType = sourcecode.c.objc; path = MBWebSocketServer.m; sourceTree = "<group>"; };
		133508801743D79A009B682E /* README.md */ = {isa = PBXFileReference; fileEncoding = 4; lastKnownFileType = text; path = README.md; sourceTree = "<group>"; };
		133508871743D7CF009B682E /* Security.framework */ = {isa = PBXFileReference; lastKnownFileType = wrapper.framework; name = Security.framework; path = System/Library/Frameworks/Security.framework; sourceTree = SDKROOT; };
/* End PBXFileReference section */

/* Begin PBXFrameworksBuildPhase section */
		133508411743D784009B682E /* Frameworks */ = {
			isa = PBXFrameworksBuildPhase;
			buildActionMask = 2147483647;
			files = (
				133508481743D785009B682E /* Cocoa.framework in Frameworks */,
				133508891743D7DC009B682E /* Security.framework in Frameworks */,
			);
			runOnlyForDeploymentPostprocessing = 0;
		};
		133508601743D785009B682E /* Frameworks */ = {
			isa = PBXFrameworksBuildPhase;
			buildActionMask = 2147483647;
			files = (
				133508661743D785009B682E /* SenTestingKit.framework in Frameworks */,
				133508671743D785009B682E /* Cocoa.framework in Frameworks */,
			);
			runOnlyForDeploymentPostprocessing = 0;
		};
/* End PBXFrameworksBuildPhase section */

/* Begin PBXGroup section */
		1335083B1743D784009B682E = {
			isa = PBXGroup;
			children = (
				1335087B1743D79A009B682E /* MBWebSocketServer */,
				1335084D1743D785009B682E /* OCWebSocketServer */,
				1335086A1743D785009B682E /* OCWebSocketServerTests */,
				133508461743D785009B682E /* Frameworks */,
				133508451743D785009B682E /* Products */,
			);
			sourceTree = "<group>";
		};
		133508451743D785009B682E /* Products */ = {
			isa = PBXGroup;
			children = (
				133508441743D785009B682E /* OCWebSocketServer.app */,
				133508641743D785009B682E /* OCWebSocketServerTests.octest */,
			);
			name = Products;
			sourceTree = "<group>";
		};
		133508461743D785009B682E /* Frameworks */ = {
			isa = PBXGroup;
			children = (
				133508871743D7CF009B682E /* Security.framework */,
				133508471743D785009B682E /* Cocoa.framework */,
				133508651743D785009B682E /* SenTestingKit.framework */,
				133508491743D785009B682E /* Other Frameworks */,
			);
			name = Frameworks;
			sourceTree = "<group>";
		};
		133508491743D785009B682E /* Other Frameworks */ = {
			isa = PBXGroup;
			children = (
				1335084A1743D785009B682E /* AppKit.framework */,
				1335084B1743D785009B682E /* CoreData.framework */,
				1335084C1743D785009B682E /* Foundation.framework */,
			);
			name = "Other Frameworks";
			sourceTree = "<group>";
		};
		1335084D1743D785009B682E /* OCWebSocketServer */ = {
			isa = PBXGroup;
			children = (
				133508591743D785009B682E /* AppDelegate.h */,
				1335085A1743D785009B682E /* AppDelegate.m */,
				1335085C1743D785009B682E /* MainMenu.xib */,
				1335084E1743D785009B682E /* Supporting Files */,
			);
			path = OCWebSocketServer;
			sourceTree = "<group>";
		};
		1335084E1743D785009B682E /* Supporting Files */ = {
			isa = PBXGroup;
			children = (
				1335084F1743D785009B682E /* OCWebSocketServer-Info.plist */,
				133508501743D785009B682E /* InfoPlist.strings */,
				133508531743D785009B682E /* main.m */,
				133508551743D785009B682E /* OCWebSocketServer-Prefix.pch */,
				133508561743D785009B682E /* Credits.rtf */,
			);
			name = "Supporting Files";
			sourceTree = "<group>";
		};
		1335086A1743D785009B682E /* OCWebSocketServerTests */ = {
			isa = PBXGroup;
			children = (
				133508701743D785009B682E /* OCWebSocketServerTests.h */,
				133508711743D785009B682E /* OCWebSocketServerTests.m */,
				1335086B1743D785009B682E /* Supporting Files */,
			);
			path = OCWebSocketServerTests;
			sourceTree = "<group>";
		};
		1335086B1743D785009B682E /* Supporting Files */ = {
			isa = PBXGroup;
			children = (
				1335086C1743D785009B682E /* OCWebSocketServerTests-Info.plist */,
				1335086D1743D785009B682E /* InfoPlist.strings */,
			);
			name = "Supporting Files";
			sourceTree = "<group>";
		};
		1335087B1743D79A009B682E /* MBWebSocketServer */ = {
			isa = PBXGroup;
			children = (
				1335087C1743D79A009B682E /* GCDAsyncSocket.h */,
				1335087D1743D79A009B682E /* GCDAsyncSocket.m */,
				1335087E1743D79A009B682E /* MBWebSocketServer.h */,
				1335087F1743D79A009B682E /* MBWebSocketServer.m */,
				133508801743D79A009B682E /* README.md */,
			);
			path = MBWebSocketServer;
			sourceTree = "<group>";
		};
/* End PBXGroup section */

/* Begin PBXNativeTarget section */
		133508431743D784009B682E /* OCWebSocketServer */ = {
			isa = PBXNativeTarget;
			buildConfigurationList = 133508751743D785009B682E /* Build configuration list for PBXNativeTarget "OCWebSocketServer" */;
			buildPhases = (
				133508401743D784009B682E /* Sources */,
				133508411743D784009B682E /* Frameworks */,
				133508421743D784009B682E /* Resources */,
			);
			buildRules = (
			);
			dependencies = (
			);
			name = OCWebSocketServer;
			productName = OCWebSocketServer;
			productReference = 133508441743D785009B682E /* OCWebSocketServer.app */;
			productType = "com.apple.product-type.application";
		};
		133508631743D785009B682E /* OCWebSocketServerTests */ = {
			isa = PBXNativeTarget;
			buildConfigurationList = 133508781743D785009B682E /* Build configuration list for PBXNativeTarget "OCWebSocketServerTests" */;
			buildPhases = (
				1335085F1743D785009B682E /* Sources */,
				133508601743D785009B682E /* Frameworks */,
				133508611743D785009B682E /* Resources */,
				133508621743D785009B682E /* ShellScript */,
			);
			buildRules = (
			);
			dependencies = (
				133508691743D785009B682E /* PBXTargetDependency */,
			);
			name = OCWebSocketServerTests;
			productName = OCWebSocketServerTests;
			productReference = 133508641743D785009B682E /* OCWebSocketServerTests.octest */;
			productType = "com.apple.product-type.bundle";
		};
/* End PBXNativeTarget section */

/* Begin PBXProject section */
		1335083C1743D784009B682E /* Project object */ = {
			isa = PBXProject;
			attributes = {
				LastUpgradeCheck = 0460;
				ORGANIZATIONNAME = "KISSAKI Inc,";
			};
			buildConfigurationList = 1335083F1743D784009B682E /* Build configuration list for PBXProject "OCWebSocketServer" */;
			compatibilityVersion = "Xcode 3.2";
			developmentRegion = English;
			hasScannedForEncodings = 0;
			knownRegions = (
				en,
			);
			mainGroup = 1335083B1743D784009B682E;
			productRefGroup = 133508451743D785009B682E /* Products */;
			projectDirPath = "";
			projectRoot = "";
			targets = (
				133508431743D784009B682E /* OCWebSocketServer */,
				133508631743D785009B682E /* OCWebSocketServerTests */,
			);
		};
/* End PBXProject section */

/* Begin PBXResourcesBuildPhase section */
		133508421743D784009B682E /* Resources */ = {
			isa = PBXResourcesBuildPhase;
			buildActionMask = 2147483647;
			files = (
				133508521743D785009B682E /* InfoPlist.strings in Resources */,
				133508581743D785009B682E /* Credits.rtf in Resources */,
				1335085E1743D785009B682E /* MainMenu.xib in Resources */,
				133508851743D79A009B682E /* README.md in Resources */,
			);
			runOnlyForDeploymentPostprocessing = 0;
		};
		133508611743D785009B682E /* Resources */ = {
			isa = PBXResourcesBuildPhase;
			buildActionMask = 2147483647;
			files = (
				1335086F1743D785009B682E /* InfoPlist.strings in Resources */,
				133508861743D79A009B682E /* README.md in Resources */,
			);
			runOnlyForDeploymentPostprocessing = 0;
		};
/* End PBXResourcesBuildPhase section */

/* Begin PBXShellScriptBuildPhase section */
		133508621743D785009B682E /* ShellScript */ = {
			isa = PBXShellScriptBuildPhase;
			buildActionMask = 2147483647;
			files = (
			);
			inputPaths = (
			);
			outputPaths = (
			);
			runOnlyForDeploymentPostprocessing = 0;
			shellPath = /bin/sh;
			shellScript = "# Run the unit tests in this test bundle.\n\"${SYSTEM_DEVELOPER_DIR}/Tools/RunUnitTests\"\n";
		};
/* End PBXShellScriptBuildPhase section */

/* Begin PBXSourcesBuildPhase section */
		133508401743D784009B682E /* Sources */ = {
			isa = PBXSourcesBuildPhase;
			buildActionMask = 2147483647;
			files = (
				133508541743D785009B682E /* main.m in Sources */,
				1335085B1743D785009B682E /* AppDelegate.m in Sources */,
				133508811743D79A009B682E /* GCDAsyncSocket.m in Sources */,
				133508831743D79A009B682E /* MBWebSocketServer.m in Sources */,
			);
			runOnlyForDeploymentPostprocessing = 0;
		};
		1335085F1743D785009B682E /* Sources */ = {
			isa = PBXSourcesBuildPhase;
			buildActionMask = 2147483647;
			files = (
				133508721743D785009B682E /* OCWebSocketServerTests.m in Sources */,
				133508821743D79A009B682E /* GCDAsyncSocket.m in Sources */,
				133508841743D79A009B682E /* MBWebSocketServer.m in Sources */,
			);
			runOnlyForDeploymentPostprocessing = 0;
		};
/* End PBXSourcesBuildPhase section */

/* Begin PBXTargetDependency section */
		133508691743D785009B682E /* PBXTargetDependency */ = {
			isa = PBXTargetDependency;
			target = 133508431743D784009B682E /* OCWebSocketServer */;
			targetProxy = 133508681743D785009B682E /* PBXContainerItemProxy */;
		};
/* End PBXTargetDependency section */

/* Begin PBXVariantGroup section */
		133508501743D785009B682E /* InfoPlist.strings */ = {
			isa = PBXVariantGroup;
			children = (
				133508511743D785009B682E /* en */,
			);
			name = InfoPlist.strings;
			sourceTree = "<group>";
		};
		133508561743D785009B682E /* Credits.rtf */ = {
			isa = PBXVariantGroup;
			children = (
				133508571743D785009B682E /* en */,
			);
			name = Credits.rtf;
			sourceTree = "<group>";
		};
		1335085C1743D785009B682E /* MainMenu.xib */ = {
			isa = PBXVariantGroup;
			children = (
				1335085D1743D785009B682E /* en */,
			);
			name = MainMenu.xib;
			sourceTree = "<group>";
		};
		1335086D1743D785009B682E /* InfoPlist.strings */ = {
			isa = PBXVariantGroup;
			children = (
				1335086E1743D785009B682E /* en */,
			);
			name = InfoPlist.strings;
			sourceTree = "<group>";
		};
/* End PBXVariantGroup section */

/* Begin XCBuildConfiguration section */
		133508731743D785009B682E /* Debug */ = {
			isa = XCBuildConfiguration;
			buildSettings = {
				ALWAYS_SEARCH_USER_PATHS = NO;
				ARCHS = "$(ARCHS_STANDARD_64_BIT)";
				CLANG_CXX_LANGUAGE_STANDARD = "gnu++0x";
				CLANG_CXX_LIBRARY = "libc++";
				CLANG_ENABLE_OBJC_ARC = YES;
				CLANG_WARN_CONSTANT_CONVERSION = YES;
				CLANG_WARN_EMPTY_BODY = YES;
				CLANG_WARN_ENUM_CONVERSION = YES;
				CLANG_WARN_INT_CONVERSION = YES;
				CLANG_WARN__DUPLICATE_METHOD_MATCH = YES;
				COPY_PHASE_STRIP = NO;
				GCC_C_LANGUAGE_STANDARD = gnu99;
				GCC_DYNAMIC_NO_PIC = NO;
				GCC_ENABLE_OBJC_EXCEPTIONS = YES;
				GCC_OPTIMIZATION_LEVEL = 0;
				GCC_PREPROCESSOR_DEFINITIONS = (
					"DEBUG=1",
					"$(inherited)",
				);
				GCC_SYMBOLS_PRIVATE_EXTERN = NO;
				GCC_WARN_64_TO_32_BIT_CONVERSION = YES;
				GCC_WARN_ABOUT_RETURN_TYPE = YES;
				GCC_WARN_UNINITIALIZED_AUTOS = YES;
				GCC_WARN_UNUSED_VARIABLE = YES;
				MACOSX_DEPLOYMENT_TARGET = 10.8;
				ONLY_ACTIVE_ARCH = YES;
				SDKROOT = macosx;
			};
			name = Debug;
		};
		133508741743D785009B682E /* Release */ = {
			isa = XCBuildConfiguration;
			buildSettings = {
				ALWAYS_SEARCH_USER_PATHS = NO;
				ARCHS = "$(ARCHS_STANDARD_64_BIT)";
				CLANG_CXX_LANGUAGE_STANDARD = "gnu++0x";
				CLANG_CXX_LIBRARY = "libc++";
				CLANG_ENABLE_OBJC_ARC = YES;
				CLANG_WARN_CONSTANT_CONVERSION = YES;
				CLANG_WARN_EMPTY_BODY = YES;
				CLANG_WARN_ENUM_CONVERSION = YES;
				CLANG_WARN_INT_CONVERSION = YES;
				CLANG_WARN__DUPLICATE_METHOD_MATCH = YES;
				COPY_PHASE_STRIP = YES;
				DEBUG_INFORMATION_FORMAT = "dwarf-with-dsym";
				GCC_C_LANGUAGE_STANDARD = gnu99;
				GCC_ENABLE_OBJC_EXCEPTIONS = YES;
				GCC_WARN_64_TO_32_BIT_CONVERSION = YES;
				GCC_WARN_ABOUT_RETURN_TYPE = YES;
				GCC_WARN_UNINITIALIZED_AUTOS = YES;
				GCC_WARN_UNUSED_VARIABLE = YES;
				MACOSX_DEPLOYMENT_TARGET = 10.8;
				SDKROOT = macosx;
			};
			name = Release;
		};
		133508761743D785009B682E /* Debug */ = {
			isa = XCBuildConfiguration;
			buildSettings = {
				COMBINE_HIDPI_IMAGES = YES;
				GCC_PRECOMPILE_PREFIX_HEADER = YES;
				GCC_PREFIX_HEADER = "OCWebSocketServer/OCWebSocketServer-Prefix.pch";
				INFOPLIST_FILE = "OCWebSocketServer/OCWebSocketServer-Info.plist";
				PRODUCT_NAME = "$(TARGET_NAME)";
				WRAPPER_EXTENSION = app;
			};
			name = Debug;
		};
		133508771743D785009B682E /* Release */ = {
			isa = XCBuildConfiguration;
			buildSettings = {
				COMBINE_HIDPI_IMAGES = YES;
				GCC_PRECOMPILE_PREFIX_HEADER = YES;
				GCC_PREFIX_HEADER = "OCWebSocketServer/OCWebSocketServer-Prefix.pch";
				INFOPLIST_FILE = "OCWebSocketServer/OCWebSocketServer-Info.plist";
				PRODUCT_NAME = "$(TARGET_NAME)";
				WRAPPER_EXTENSION = app;
			};
			name = Release;
		};
		133508791743D785009B682E /* Debug */ = {
			isa = XCBuildConfiguration;
			buildSettings = {
				BUNDLE_LOADER = "$(BUILT_PRODUCTS_DIR)/OCWebSocketServer.app/Contents/MacOS/OCWebSocketServer";
				COMBINE_HIDPI_IMAGES = YES;
				FRAMEWORK_SEARCH_PATHS = "\"$(DEVELOPER_LIBRARY_DIR)/Frameworks\"";
				GCC_PRECOMPILE_PREFIX_HEADER = YES;
				GCC_PREFIX_HEADER = "OCWebSocketServer/OCWebSocketServer-Prefix.pch";
				INFOPLIST_FILE = "OCWebSocketServerTests/OCWebSocketServerTests-Info.plist";
				PRODUCT_NAME = "$(TARGET_NAME)";
				TEST_HOST = "$(BUNDLE_LOADER)";
				WRAPPER_EXTENSION = octest;
			};
			name = Debug;
		};
		1335087A1743D785009B682E /* Release */ = {
			isa = XCBuildConfiguration;
			buildSettings = {
				BUNDLE_LOADER = "$(BUILT_PRODUCTS_DIR)/OCWebSocketServer.app/Contents/MacOS/OCWebSocketServer";
				COMBINE_HIDPI_IMAGES = YES;
				FRAMEWORK_SEARCH_PATHS = "\"$(DEVELOPER_LIBRARY_DIR)/Frameworks\"";
				GCC_PRECOMPILE_PREFIX_HEADER = YES;
				GCC_PREFIX_HEADER = "OCWebSocketServer/OCWebSocketServer-Prefix.pch";
				INFOPLIST_FILE = "OCWebSocketServerTests/OCWebSocketServerTests-Info.plist";
				PRODUCT_NAME = "$(TARGET_NAME)";
				TEST_HOST = "$(BUNDLE_LOADER)";
				WRAPPER_EXTENSION = octest;
			};
			name = Release;
		};
/* End XCBuildConfiguration section */

/* Begin XCConfigurationList section */
		1335083F1743D784009B682E /* Build configuration list for PBXProject "OCWebSocketServer" */ = {
			isa = XCConfigurationList;
			buildConfigurations = (
				133508731743D785009B682E /* Debug */,
				133508741743D785009B682E /* Release */,
			);
			defaultConfigurationIsVisible = 0;
			defaultConfigurationName = Release;
		};
		133508751743D785009B682E /* Build configuration list for PBXNativeTarget "OCWebSocketServer" */ = {
			isa = XCConfigurationList;
			buildConfigurations = (
				133508761743D785009B682E /* Debug */,
				133508771743D785009B682E /* Release */,
			);
			defaultConfigurationIsVisible = 0;
		};
		133508781743D785009B682E /* Build configuration list for PBXNativeTarget "OCWebSocketServerTests" */ = {
			isa = XCConfigurationList;
			buildConfigurations = (
				133508791743D785009B682E /* Debug */,
				1335087A1743D785009B682E /* Release */,
			);
			defaultConfigurationIsVisible = 0;
		};
/* End XCConfigurationList section */
	};
	rootObject = 1335083C1743D784009B682E /* Project object */;
}
